
Microsoft Visual Studio Solution File, Format Version 12.00
# Visual Studio 15
VisualStudioVersion = 15.0.26124.0
MinimumVisualStudioVersion = 15.0.26124.0
Project("{2150E333-8FDC-42A3-9474-1A3956D46DE8}") = ".root", ".root", "{78940164-48EE-4E88-AEEC-C6FC6CAE56D6}"
ProjectSection(SolutionItems) = preProject
	LICENSE = LICENSE
	README.md = README.md
EndProjectSection
EndProject
Project("{FAE04EC0-301F-11D3-BF4B-00C04F79EFBC}") = "MemoryLinq", "MemoryLinq\MemoryLinq.csproj", "{D87D57CB-BA13-4FB5-80E6-6970AADE874F}"
EndProject
Global
	GlobalSection(SolutionConfigurationPlatforms) = preSolution
		Debug|Any CPU = Debug|Any CPU
		Debug|x64 = Debug|x64
		Debug|x86 = Debug|x86
		Release|Any CPU = Release|Any CPU
		Release|x64 = Release|x64
		Release|x86 = Release|x86
	EndGlobalSection
	GlobalSection(SolutionProperties) = preSolution
		HideSolutionNode = FALSE
	EndGlobalSection
	GlobalSection(ProjectConfigurationPlatforms) = postSolution
		{D87D57CB-BA13-4FB5-80E6-6970AADE874F}.Debug|Any CPU.ActiveCfg = Debug|Any CPU
		{D87D57CB-BA13-4FB5-80E6-6970AADE874F}.Debug|Any CPU.Build.0 = Debug|Any CPU
		{D87D57CB-BA13-4FB5-80E6-6970AADE874F}.Debug|x64.ActiveCfg = Debug|Any CPU
		{D87D57CB-BA13-4FB5-80E6-6970AADE874F}.Debug|x64.Build.0 = Debug|Any CPU
		{D87D57CB-BA13-4FB5-80E6-6970AADE874F}.Debug|x86.ActiveCfg = Debug|Any CPU
		{D87D57CB-BA13-4FB5-80E6-6970AADE874F}.Debug|x86.Build.0 = Debug|Any CPU
		{D87D57CB-BA13-4FB5-80E6-6970AADE874F}.Release|Any CPU.ActiveCfg = Release|Any CPU
		{D87D57CB-BA13-4FB5-80E6-6970AADE874F}.Release|Any CPU.Build.0 = Release|Any CPU
		{D87D57CB-BA13-4FB5-80E6-6970AADE874F}.Release|x64.ActiveCfg = Release|Any CPU
		{D87D57CB-BA13-4FB5-80E6-6970AADE874F}.Release|x64.Build.0 = Release|Any CPU
		{D87D57CB-BA13-4FB5-80E6-6970AADE874F}.Release|x86.ActiveCfg = Release|Any CPU
		{D87D57CB-BA13-4FB5-80E6-6970AADE874F}.Release|x86.Build.0 = Release|Any CPU
	EndGlobalSection
EndGlobal
